// !$*UTF8*$!
{
	archiveVersion = 1;
	classes = {
	};
	objectVersion = 56;
	objects = {

/* Begin PBXBuildFile section */
		A902C3582AD87C90006045D3 /* ObservableExampleApp.swift in Sources */ = {isa = PBXBuildFile; fileRef = A902C3572AD87C90006045D3 /* ObservableExampleApp.swift */; };
		A902C35A2AD87C90006045D3 /* ContentView.swift in Sources */ = {isa = PBXBuildFile; fileRef = A902C3592AD87C90006045D3 /* ContentView.swift */; };
		A902C35C2AD87C92006045D3 /* Assets.xcassets in Resources */ = {isa = PBXBuildFile; fileRef = A902C35B2AD87C92006045D3 /* Assets.xcassets */; };
		A902C35F2AD87C92006045D3 /* Preview Assets.xcassets in Resources */ = {isa = PBXBuildFile; fileRef = A902C35E2AD87C92006045D3 /* Preview Assets.xcassets */; };
		A95D29272ADB18F900257EA7 /* EmployeesDemo.json in Resources */ = {isa = PBXBuildFile; fileRef = A95D29262ADB18F900257EA7 /* EmployeesDemo.json */; };
		A95D29292ADB1B1900257EA7 /* Employees.json in Resources */ = {isa = PBXBuildFile; fileRef = A95D29282ADB1B1900257EA7 /* Employees.json */; };
		A95D292F2ADB2BED00257EA7 /* EmployeeModel.swift in Sources */ = {isa = PBXBuildFile; fileRef = A95D292E2ADB2BED00257EA7 /* EmployeeModel.swift */; };
		A95D29312ADB2C6D00257EA7 /* Gender.swift in Sources */ = {isa = PBXBuildFile; fileRef = A95D29302ADB2C6D00257EA7 /* Gender.swift */; };
		A95D29332ADB2D2600257EA7 /* Departmen.swift in Sources */ = {isa = PBXBuildFile; fileRef = A95D29322ADB2D2600257EA7 /* Departmen.swift */; };
		A95D29352ADB3C3F00257EA7 /* PersistenceInteractor.swift in Sources */ = {isa = PBXBuildFile; fileRef = A95D29342ADB3C3F00257EA7 /* PersistenceInteractor.swift */; };
		A95D29372ADB47AD00257EA7 /* PersistencePreview.swift in Sources */ = {isa = PBXBuildFile; fileRef = A95D29362ADB47AD00257EA7 /* PersistencePreview.swift */; };
		A9B7F3E42ADC2FC1003BAC8E /* EmployeesLogic.swift in Sources */ = {isa = PBXBuildFile; fileRef = A9B7F3E32ADC2FC1003BAC8E /* EmployeesLogic.swift */; };
		A9B7F3E72ADC34AD003BAC8E /* ManagementViewModel.swift in Sources */ = {isa = PBXBuildFile; fileRef = A9B7F3E62ADC34AD003BAC8E /* ManagementViewModel.swift */; };
		A9B7F3E92ADC3DB4003BAC8E /* EmployeeCell.swift in Sources */ = {isa = PBXBuildFile; fileRef = A9B7F3E82ADC3DB4003BAC8E /* EmployeeCell.swift */; };
		A9B7F3EB2ADC45AE003BAC8E /* EmployeeDetail.swift in Sources */ = {isa = PBXBuildFile; fileRef = A9B7F3EA2ADC45AE003BAC8E /* EmployeeDetail.swift */; };
/* End PBXBuildFile section */

/* Begin PBXFileReference section */
		A902C3542AD87C90006045D3 /* ObservableExample.app */ = {isa = PBXFileReference; explicitFileType = wrapper.application; includeInIndex = 0; path = ObservableExample.app; sourceTree = BUILT_PRODUCTS_DIR; };
		A902C3572AD87C90006045D3 /* ObservableExampleApp.swift */ = {isa = PBXFileReference; lastKnownFileType = sourcecode.swift; path = ObservableExampleApp.swift; sourceTree = "<group>"; };
		A902C3592AD87C90006045D3 /* ContentView.swift */ = {isa = PBXFileReference; lastKnownFileType = sourcecode.swift; path = ContentView.swift; sourceTree = "<group>"; };
		A902C35B2AD87C92006045D3 /* Assets.xcassets */ = {isa = PBXFileReference; lastKnownFileType = folder.assetcatalog; path = Assets.xcassets; sourceTree = "<group>"; };
		A902C35E2AD87C92006045D3 /* Preview Assets.xcassets */ = {isa = PBXFileReference; lastKnownFileType = folder.assetcatalog; path = "Preview Assets.xcassets"; sourceTree = "<group>"; };
		A95D29262ADB18F900257EA7 /* EmployeesDemo.json */ = {isa = PBXFileReference; fileEncoding = 4; lastKnownFileType = text.json; path = EmployeesDemo.json; sourceTree = "<group>"; };
		A95D29282ADB1B1900257EA7 /* Employees.json */ = {isa = PBXFileReference; fileEncoding = 4; lastKnownFileType = text.json; path = Employees.json; sourceTree = "<group>"; };
		A95D292E2ADB2BED00257EA7 /* EmployeeModel.swift */ = {isa = PBXFileReference; lastKnownFileType = sourcecode.swift; path = EmployeeModel.swift; sourceTree = "<group>"; };
		A95D29302ADB2C6D00257EA7 /* Gender.swift */ = {isa = PBXFileReference; lastKnownFileType = sourcecode.swift; path = Gender.swift; sourceTree = "<group>"; };
		A95D29322ADB2D2600257EA7 /* Departmen.swift */ = {isa = PBXFileReference; lastKnownFileType = sourcecode.swift; path = Departmen.swift; sourceTree = "<group>"; };
		A95D29342ADB3C3F00257EA7 /* PersistenceInteractor.swift */ = {isa = PBXFileReference; lastKnownFileType = sourcecode.swift; path = PersistenceInteractor.swift; sourceTree = "<group>"; };
		A95D29362ADB47AD00257EA7 /* PersistencePreview.swift */ = {isa = PBXFileReference; lastKnownFileType = sourcecode.swift; path = PersistencePreview.swift; sourceTree = "<group>"; };
		A9B7F3E32ADC2FC1003BAC8E /* EmployeesLogic.swift */ = {isa = PBXFileReference; lastKnownFileType = sourcecode.swift; path = EmployeesLogic.swift; sourceTree = "<group>"; };
		A9B7F3E62ADC34AD003BAC8E /* ManagementViewModel.swift */ = {isa = PBXFileReference; lastKnownFileType = sourcecode.swift; path = ManagementViewModel.swift; sourceTree = "<group>"; };
		A9B7F3E82ADC3DB4003BAC8E /* EmployeeCell.swift */ = {isa = PBXFileReference; lastKnownFileType = sourcecode.swift; path = EmployeeCell.swift; sourceTree = "<group>"; };
		A9B7F3EA2ADC45AE003BAC8E /* EmployeeDetail.swift */ = {isa = PBXFileReference; lastKnownFileType = sourcecode.swift; path = EmployeeDetail.swift; sourceTree = "<group>"; };
/* End PBXFileReference section */

/* Begin PBXFrameworksBuildPhase section */
		A902C3512AD87C90006045D3 /* Frameworks */ = {
			isa = PBXFrameworksBuildPhase;
			buildActionMask = 2147483647;
			files = (
			);
			runOnlyForDeploymentPostprocessing = 0;
		};
/* End PBXFrameworksBuildPhase section */

/* Begin PBXGroup section */
		A902C34B2AD87C90006045D3 = {
			isa = PBXGroup;
			children = (
				A902C3562AD87C90006045D3 /* ObservableExample */,
				A902C3552AD87C90006045D3 /* Products */,
			);
			sourceTree = "<group>";
		};
		A902C3552AD87C90006045D3 /* Products */ = {
			isa = PBXGroup;
			children = (
				A902C3542AD87C90006045D3 /* ObservableExample.app */,
			);
			name = Products;
			sourceTree = "<group>";
		};
		A902C3562AD87C90006045D3 /* ObservableExample */ = {
			isa = PBXGroup;
			children = (
				A902C3572AD87C90006045D3 /* ObservableExampleApp.swift */,
				A95D292D2ADB2B9C00257EA7 /* Views */,
				A9B7F3E52ADC3419003BAC8E /* ViewModels */,
				A95D292B2ADB2AB900257EA7 /* Model */,
				A95D292C2ADB2AEE00257EA7 /* ModelLogic */,
				A95D292A2ADB2AA800257EA7 /* Interactor */,
				A95D29252ADB14A100257EA7 /* Resources */,
				A902C35D2AD87C92006045D3 /* Preview Content */,
			);
			path = ObservableExample;
			sourceTree = "<group>";
		};
		A902C35D2AD87C92006045D3 /* Preview Content */ = {
			isa = PBXGroup;
			children = (
				A95D29262ADB18F900257EA7 /* EmployeesDemo.json */,
				A902C35E2AD87C92006045D3 /* Preview Assets.xcassets */,
				A95D29362ADB47AD00257EA7 /* PersistencePreview.swift */,
			);
			path = "Preview Content";
			sourceTree = "<group>";
		};
		A95D29252ADB14A100257EA7 /* Resources */ = {
			isa = PBXGroup;
			children = (
				A95D29282ADB1B1900257EA7 /* Employees.json */,
				A902C35B2AD87C92006045D3 /* Assets.xcassets */,
			);
			name = Resources;
			sourceTree = "<group>";
		};
		A95D292A2ADB2AA800257EA7 /* Interactor */ = {
			isa = PBXGroup;
			children = (
				A95D29342ADB3C3F00257EA7 /* PersistenceInteractor.swift */,
			);
			name = Interactor;
			sourceTree = "<group>";
		};
		A95D292B2ADB2AB900257EA7 /* Model */ = {
			isa = PBXGroup;
			children = (
				A95D292E2ADB2BED00257EA7 /* EmployeeModel.swift */,
				A95D29302ADB2C6D00257EA7 /* Gender.swift */,
				A95D29322ADB2D2600257EA7 /* Departmen.swift */,
			);
			name = Model;
			sourceTree = "<group>";
		};
		A95D292C2ADB2AEE00257EA7 /* ModelLogic */ = {
			isa = PBXGroup;
			children = (
				A9B7F3E32ADC2FC1003BAC8E /* EmployeesLogic.swift */,
			);
			name = ModelLogic;
			sourceTree = "<group>";
		};
		A95D292D2ADB2B9C00257EA7 /* Views */ = {
			isa = PBXGroup;
			children = (
				A902C3592AD87C90006045D3 /* ContentView.swift */,
				A9B7F3E82ADC3DB4003BAC8E /* EmployeeCell.swift */,
				A9B7F3EA2ADC45AE003BAC8E /* EmployeeDetail.swift */,
			);
			name = Views;
			sourceTree = "<group>";
		};
		A9B7F3E52ADC3419003BAC8E /* ViewModels */ = {
			isa = PBXGroup;
			children = (
				A9B7F3E62ADC34AD003BAC8E /* ManagementViewModel.swift */,
			);
			name = ViewModels;
			sourceTree = "<group>";
		};
/* End PBXGroup section */

/* Begin PBXNativeTarget section */
		A902C3532AD87C90006045D3 /* ObservableExample */ = {
			isa = PBXNativeTarget;
			buildConfigurationList = A902C3622AD87C92006045D3 /* Build configuration list for PBXNativeTarget "ObservableExample" */;
			buildPhases = (
				A902C3502AD87C90006045D3 /* Sources */,
				A902C3512AD87C90006045D3 /* Frameworks */,
				A902C3522AD87C90006045D3 /* Resources */,
			);
			buildRules = (
			);
			dependencies = (
			);
			name = ObservableExample;
			productName = ObservableExample;
			productReference = A902C3542AD87C90006045D3 /* ObservableExample.app */;
			productType = "com.apple.product-type.application";
		};
/* End PBXNativeTarget section */

/* Begin PBXProject section */
		A902C34C2AD87C90006045D3 /* Project object */ = {
			isa = PBXProject;
			attributes = {
				BuildIndependentTargetsInParallel = 1;
				LastSwiftUpdateCheck = 1500;
				LastUpgradeCheck = 1500;
				TargetAttributes = {
					A902C3532AD87C90006045D3 = {
						CreatedOnToolsVersion = 15.0;
					};
				};
			};
			buildConfigurationList = A902C34F2AD87C90006045D3 /* Build configuration list for PBXProject "ObservableExample" */;
			compatibilityVersion = "Xcode 14.0";
			developmentRegion = en;
			hasScannedForEncodings = 0;
			knownRegions = (
				en,
				Base,
			);
			mainGroup = A902C34B2AD87C90006045D3;
			productRefGroup = A902C3552AD87C90006045D3 /* Products */;
			projectDirPath = "";
			projectRoot = "";
			targets = (
				A902C3532AD87C90006045D3 /* ObservableExample */,
			);
		};
/* End PBXProject section */

/* Begin PBXResourcesBuildPhase section */
		A902C3522AD87C90006045D3 /* Resources */ = {
			isa = PBXResourcesBuildPhase;
			buildActionMask = 2147483647;
			files = (
				A902C35F2AD87C92006045D3 /* Preview Assets.xcassets in Resources */,
				A95D29292ADB1B1900257EA7 /* Employees.json in Resources */,
				A902C35C2AD87C92006045D3 /* Assets.xcassets in Resources */,
				A95D29272ADB18F900257EA7 /* EmployeesDemo.json in Resources */,
			);
			runOnlyForDeploymentPostprocessing = 0;
		};
/* End PBXResourcesBuildPhase section */

/* Begin PBXSourcesBuildPhase section */
		A902C3502AD87C90006045D3 /* Sources */ = {
			isa = PBXSourcesBuildPhase;
			buildActionMask = 2147483647;
			files = (
				A9B7F3E42ADC2FC1003BAC8E /* EmployeesLogic.swift in Sources */,
				A95D29332ADB2D2600257EA7 /* Departmen.swift in Sources */,
				A9B7F3E72ADC34AD003BAC8E /* ManagementViewModel.swift in Sources */,
				A95D29312ADB2C6D00257EA7 /* Gender.swift in Sources */,
				A95D292F2ADB2BED00257EA7 /* EmployeeModel.swift in Sources */,
				A902C35A2AD87C90006045D3 /* ContentView.swift in Sources */,
				A902C3582AD87C90006045D3 /* ObservableExampleApp.swift in Sources */,
				A95D29352ADB3C3F00257EA7 /* PersistenceInteractor.swift in Sources */,
				A95D29372ADB47AD00257EA7 /* PersistencePreview.swift in Sources */,
				A9B7F3E92ADC3DB4003BAC8E /* EmployeeCell.swift in Sources */,
				A9B7F3EB2ADC45AE003BAC8E /* EmployeeDetail.swift in Sources */,
			);
			runOnlyForDeploymentPostprocessing = 0;
		};
/* End PBXSourcesBuildPhase section */

/* Begin XCBuildConfiguration section */
		A902C3602AD87C92006045D3 /* Debug */ = {
			isa = XCBuildConfiguration;
			buildSettings = {
				ALWAYS_SEARCH_USER_PATHS = NO;
				ASSETCATALOG_COMPILER_GENERATE_SWIFT_ASSET_SYMBOL_EXTENSIONS = YES;
				CLANG_ANALYZER_NONNULL = YES;
				CLANG_ANALYZER_NUMBER_OBJECT_CONVERSION = YES_AGGRESSIVE;
				CLANG_CXX_LANGUAGE_STANDARD = "gnu++20";
				CLANG_ENABLE_MODULES = YES;
				CLANG_ENABLE_OBJC_ARC = YES;
				CLANG_ENABLE_OBJC_WEAK = YES;
				CLANG_WARN_BLOCK_CAPTURE_AUTORELEASING = YES;
				CLANG_WARN_BOOL_CONVERSION = YES;
				CLANG_WARN_COMMA = YES;
				CLANG_WARN_CONSTANT_CONVERSION = YES;
				CLANG_WARN_DEPRECATED_OBJC_IMPLEMENTATIONS = YES;
				CLANG_WARN_DIRECT_OBJC_ISA_USAGE = YES_ERROR;
				CLANG_WARN_DOCUMENTATION_COMMENTS = YES;
				CLANG_WARN_EMPTY_BODY = YES;
				CLANG_WARN_ENUM_CONVERSION = YES;
				CLANG_WARN_INFINITE_RECURSION = YES;
				CLANG_WARN_INT_CONVERSION = YES;
				CLANG_WARN_NON_LITERAL_NULL_CONVERSION = YES;
				CLANG_WARN_OBJC_IMPLICIT_RETAIN_SELF = YES;
				CLANG_WARN_OBJC_LITERAL_CONVERSION = YES;
				CLANG_WARN_OBJC_ROOT_CLASS = YES_ERROR;
				CLANG_WARN_QUOTED_INCLUDE_IN_FRAMEWORK_HEADER = YES;
				CLANG_WARN_RANGE_LOOP_ANALYSIS = YES;
				CLANG_WARN_STRICT_PROTOTYPES = YES;
				CLANG_WARN_SUSPICIOUS_MOVE = YES;
				CLANG_WARN_UNGUARDED_AVAILABILITY = YES_AGGRESSIVE;
				CLANG_WARN_UNREACHABLE_CODE = YES;
				CLANG_WARN__DUPLICATE_METHOD_MATCH = YES;
				COPY_PHASE_STRIP = NO;
				DEBUG_INFORMATION_FORMAT = dwarf;
				ENABLE_STRICT_OBJC_MSGSEND = YES;
				ENABLE_TESTABILITY = YES;
				ENABLE_USER_SCRIPT_SANDBOXING = YES;
				GCC_C_LANGUAGE_STANDARD = gnu17;
				GCC_DYNAMIC_NO_PIC = NO;
				GCC_NO_COMMON_BLOCKS = YES;
				GCC_OPTIMIZATION_LEVEL = 0;
				GCC_PREPROCESSOR_DEFINITIONS = (
					"DEBUG=1",
					"$(inherited)",
				);
				GCC_WARN_64_TO_32_BIT_CONVERSION = YES;
				GCC_WARN_ABOUT_RETURN_TYPE = YES_ERROR;
				GCC_WARN_UNDECLARED_SELECTOR = YES;
				GCC_WARN_UNINITIALIZED_AUTOS = YES_AGGRESSIVE;
				GCC_WARN_UNUSED_FUNCTION = YES;
				GCC_WARN_UNUSED_VARIABLE = YES;
				IPHONEOS_DEPLOYMENT_TARGET = 17.0;
				LOCALIZATION_PREFERS_STRING_CATALOGS = YES;
				MTL_ENABLE_DEBUG_INFO = INCLUDE_SOURCE;
				MTL_FAST_MATH = YES;
				ONLY_ACTIVE_ARCH = YES;
				SDKROOT = iphoneos;
				SWIFT_ACTIVE_COMPILATION_CONDITIONS = "DEBUG $(inherited)";
				SWIFT_OPTIMIZATION_LEVEL = "-Onone";
			};
			name = Debug;
		};
		A902C3612AD87C92006045D3 /* Release */ = {
			isa = XCBuildConfiguration;
			buildSettings = {
				ALWAYS_SEARCH_USER_PATHS = NO;
				ASSETCATALOG_COMPILER_GENERATE_SWIFT_ASSET_SYMBOL_EXTENSIONS = YES;
				CLANG_ANALYZER_NONNULL = YES;
				CLANG_ANALYZER_NUMBER_OBJECT_CONVERSION = YES_AGGRESSIVE;
				CLANG_CXX_LANGUAGE_STANDARD = "gnu++20";
				CLANG_ENABLE_MODULES = YES;
				CLANG_ENABLE_OBJC_ARC = YES;
				CLANG_ENABLE_OBJC_WEAK = YES;
				CLANG_WARN_BLOCK_CAPTURE_AUTORELEASING = YES;
				CLANG_WARN_BOOL_CONVERSION = YES;
				CLANG_WARN_COMMA = YES;
				CLANG_WARN_CONSTANT_CONVERSION = YES;
				CLANG_WARN_DEPRECATED_OBJC_IMPLEMENTATIONS = YES;
				CLANG_WARN_DIRECT_OBJC_ISA_USAGE = YES_ERROR;
				CLANG_WARN_DOCUMENTATION_COMMENTS = YES;
				CLANG_WARN_EMPTY_BODY = YES;
				CLANG_WARN_ENUM_CONVERSION = YES;
				CLANG_WARN_INFINITE_RECURSION = YES;
				CLANG_WARN_INT_CONVERSION = YES;
				CLANG_WARN_NON_LITERAL_NULL_CONVERSION = YES;
				CLANG_WARN_OBJC_IMPLICIT_RETAIN_SELF = YES;
				CLANG_WARN_OBJC_LITERAL_CONVERSION = YES;
				CLANG_WARN_OBJC_ROOT_CLASS = YES_ERROR;
				CLANG_WARN_QUOTED_INCLUDE_IN_FRAMEWORK_HEADER = YES;
				CLANG_WARN_RANGE_LOOP_ANALYSIS = YES;
				CLANG_WARN_STRICT_PROTOTYPES = YES;
				CLANG_WARN_SUSPICIOUS_MOVE = YES;
				CLANG_WARN_UNGUARDED_AVAILABILITY = YES_AGGRESSIVE;
				CLANG_WARN_UNREACHABLE_CODE = YES;
				CLANG_WARN__DUPLICATE_METHOD_MATCH = YES;
				COPY_PHASE_STRIP = NO;
				DEBUG_INFORMATION_FORMAT = "dwarf-with-dsym";
				ENABLE_NS_ASSERTIONS = NO;
				ENABLE_STRICT_OBJC_MSGSEND = YES;
				ENABLE_USER_SCRIPT_SANDBOXING = YES;
				GCC_C_LANGUAGE_STANDARD = gnu17;
				GCC_NO_COMMON_BLOCKS = YES;
				GCC_WARN_64_TO_32_BIT_CONVERSION = YES;
				GCC_WARN_ABOUT_RETURN_TYPE = YES_ERROR;
				GCC_WARN_UNDECLARED_SELECTOR = YES;
				GCC_WARN_UNINITIALIZED_AUTOS = YES_AGGRESSIVE;
				GCC_WARN_UNUSED_FUNCTION = YES;
				GCC_WARN_UNUSED_VARIABLE = YES;
				IPHONEOS_DEPLOYMENT_TARGET = 17.0;
				LOCALIZATION_PREFERS_STRING_CATALOGS = YES;
				MTL_ENABLE_DEBUG_INFO = NO;
				MTL_FAST_MATH = YES;
				SDKROOT = iphoneos;
				SWIFT_COMPILATION_MODE = wholemodule;
				VALIDATE_PRODUCT = YES;
			};
			name = Release;
		};
		A902C3632AD87C92006045D3 /* Debug */ = {
			isa = XCBuildConfiguration;
			buildSettings = {
				ASSETCATALOG_COMPILER_APPICON_NAME = AppIcon;
				ASSETCATALOG_COMPILER_GLOBAL_ACCENT_COLOR_NAME = AccentColor;
				CODE_SIGN_STYLE = Automatic;
				CURRENT_PROJECT_VERSION = 1;
				DEVELOPMENT_ASSET_PATHS = "\"ObservableExample/Preview Content\"";
				ENABLE_PREVIEWS = YES;
				GENERATE_INFOPLIST_FILE = YES;
				INFOPLIST_KEY_UIApplicationSceneManifest_Generation = YES;
				INFOPLIST_KEY_UIApplicationSupportsIndirectInputEvents = YES;
				INFOPLIST_KEY_UILaunchScreen_Generation = YES;
				INFOPLIST_KEY_UISupportedInterfaceOrientations_iPad = "UIInterfaceOrientationPortrait UIInterfaceOrientationPortraitUpsideDown UIInterfaceOrientationLandscapeLeft UIInterfaceOrientationLandscapeRight";
				INFOPLIST_KEY_UISupportedInterfaceOrientations_iPhone = "UIInterfaceOrientationPortrait UIInterfaceOrientationLandscapeLeft UIInterfaceOrientationLandscapeRight";
				LD_RUNPATH_SEARCH_PATHS = (
					"$(inherited)",
					"@executable_path/Frameworks",
				);
				MARKETING_VERSION = 1.0;
				PRODUCT_BUNDLE_IDENTIFIER = "Antonio-Jesus.ObservableExample";
				PRODUCT_NAME = "$(TARGET_NAME)";
				SWIFT_EMIT_LOC_STRINGS = YES;
				SWIFT_VERSION = 5.0;
				TARGETED_DEVICE_FAMILY = "1,2";
			};
			name = Debug;
		};
		A902C3642AD87C92006045D3 /* Release */ = {
			isa = XCBuildConfiguration;
			buildSettings = {
				ASSETCATALOG_COMPILER_APPICON_NAME = AppIcon;
				ASSETCATALOG_COMPILER_GLOBAL_ACCENT_COLOR_NAME = AccentColor;
				CODE_SIGN_STYLE = Automatic;
				CURRENT_PROJECT_VERSION = 1;
				DEVELOPMENT_ASSET_PATHS = "\"ObservableExample/Preview Content\"";
				ENABLE_PREVIEWS = YES;
				GENERATE_INFOPLIST_FILE = YES;
				INFOPLIST_KEY_UIApplicationSceneManifest_Generation = YES;
				INFOPLIST_KEY_UIApplicationSupportsIndirectInputEvents = YES;
				INFOPLIST_KEY_UILaunchScreen_Generation = YES;
				INFOPLIST_KEY_UISupportedInterfaceOrientations_iPad = "UIInterfaceOrientationPortrait UIInterfaceOrientationPortraitUpsideDown UIInterfaceOrientationLandscapeLeft UIInterfaceOrientationLandscapeRight";
				INFOPLIST_KEY_UISupportedInterfaceOrientations_iPhone = "UIInterfaceOrientationPortrait UIInterfaceOrientationLandscapeLeft UIInterfaceOrientationLandscapeRight";
				LD_RUNPATH_SEARCH_PATHS = (
					"$(inherited)",
					"@executable_path/Frameworks",
				);
				MARKETING_VERSION = 1.0;
				PRODUCT_BUNDLE_IDENTIFIER = "Antonio-Jesus.ObservableExample";
				PRODUCT_NAME = "$(TARGET_NAME)";
				SWIFT_EMIT_LOC_STRINGS = YES;
				SWIFT_VERSION = 5.0;
				TARGETED_DEVICE_FAMILY = "1,2";
			};
			name = Release;
		};
/* End XCBuildConfiguration section */

/* Begin XCConfigurationList section */
		A902C34F2AD87C90006045D3 /* Build configuration list for PBXProject "ObservableExample" */ = {
			isa = XCConfigurationList;
			buildConfigurations = (
				A902C3602AD87C92006045D3 /* Debug */,
				A902C3612AD87C92006045D3 /* Release */,
			);
			defaultConfigurationIsVisible = 0;
			defaultConfigurationName = Release;
		};
		A902C3622AD87C92006045D3 /* Build configuration list for PBXNativeTarget "ObservableExample" */ = {
			isa = XCConfigurationList;
			buildConfigurations = (
				A902C3632AD87C92006045D3 /* Debug */,
				A902C3642AD87C92006045D3 /* Release */,
			);
			defaultConfigurationIsVisible = 0;
			defaultConfigurationName = Release;
		};
/* End XCConfigurationList section */
	};
	rootObject = A902C34C2AD87C90006045D3 /* Project object */;
}
